{
  "name": "assets",
  "lockfileVersion": 3,
  "requires": true,
  "packages": {
    "": {
      "dependencies": {
        "@types/chart.js": "^4.0.1",
        "chart.js": "^4.5.0",
        "phoenix_live_view": "^1.0.17"
      }
    },
    "node_modules/@kurkle/color": {
      "version": "0.3.4",
      "resolved": "https://registry.npmjs.org/@kurkle/color/-/color-0.3.4.tgz",
      "integrity": "sha512-M5UknZPHRu3DEDWoipU6sE8PdkZ6Z/S+v4dD+Ke8IaNlpdSQah50lz1KtcFBa2vsdOnwbbnxJwVM4wty6udA5w=="
    },
    "node_modules/@types/chart.js": {
      "version": "4.0.1",
      "resolved": "https://registry.npmjs.org/@types/chart.js/-/chart.js-4.0.1.tgz",
      "integrity": "sha512-OwXJ6Eg14eFpCsTG6sljiGnvVpit5R9rapG7nwDnQlljsdplVIOYVuCSwy07IduCtihrOwvOnbhXKLyp3nvPcw==",
      "deprecated": "This is a stub types definition. chart.js provides its own type definitions, so you do not need this installed.",
      "dependencies": {
        "chart.js": "*"
      }
    },
    "node_modules/chart.js": {
      "version": "4.5.0",
      "resolved": "https://registry.npmjs.org/chart.js/-/chart.js-4.5.0.tgz",
      "integrity": "sha512-aYeC/jDgSEx8SHWZvANYMioYMZ2KX02W6f6uVfyteuCGcadDLcYVHdfdygsTQkQ4TKn5lghoojAsPj5pu0SnvQ==",
      "dependencies": {
        "@kurkle/color": "^0.3.0"
      },
      "engines": {
        "pnpm": ">=8"
      }
    },
    "node_modules/morphdom": {
      "version": "2.7.5",
      "resolved": "https://registry.npmjs.org/morphdom/-/morphdom-2.7.5.tgz",
      "integrity": "sha512-z6bfWFMra7kBqDjQGHud1LSXtq5JJC060viEkQFMBX6baIecpkNr2Ywrn2OQfWP3rXiNFQRPoFjD8/TvJcWcDg=="
    },
    "node_modules/phoenix_live_view": {
      "version": "1.0.17",
      "resolved": "https://registry.npmjs.org/phoenix_live_view/-/phoenix_live_view-1.0.17.tgz",
      "integrity": "sha512-ydjiQeMkNrGv8OGYgT7BjIho/XM3eSHrk4FCs6qiLg9EfPf5M8w1W5Ax/E1tF9E0w6VFQsWm1fKFdWqzAezgjQ==",
      "dependencies": {
        "morphdom": "2.7.5"
      }
    }
  }
}
